{
  "object": {
    "pins": [
      {
        "package": "pop",
        "repositoryURL": "https://github.com/ai-ander/pop",
        "state": {
          "branch": null,
          "revision": "cb19988d1fa780d3d1090093b3a0304a70ef209d",
          "version": "1.1.0"
        }
      }
    ]
  },
  "version": 1
}
